// !$*UTF8*$!
{
	archiveVersion = 1;
	classes = {
	};
	objectVersion = 56;
	objects = {

/* Begin PBXBuildFile section */
		C933BE6C2A29C11B00E38C84 /* SwiftUI_CoordinatorApp.swift in Sources */ = {isa = PBXBuildFile; fileRef = C933BE6B2A29C11B00E38C84 /* SwiftUI_CoordinatorApp.swift */; };
		C933BE6E2A29C11B00E38C84 /* ContentView.swift in Sources */ = {isa = PBXBuildFile; fileRef = C933BE6D2A29C11B00E38C84 /* ContentView.swift */; };
		C933BE702A29C11D00E38C84 /* Assets.xcassets in Resources */ = {isa = PBXBuildFile; fileRef = C933BE6F2A29C11D00E38C84 /* Assets.xcassets */; };
		C933BE732A29C11D00E38C84 /* Preview Assets.xcassets in Resources */ = {isa = PBXBuildFile; fileRef = C933BE722A29C11D00E38C84 /* Preview Assets.xcassets */; };
		C933BE7A2A29C14200E38C84 /* PushViewA.swift in Sources */ = {isa = PBXBuildFile; fileRef = C933BE792A29C14200E38C84 /* PushViewA.swift */; };
		C933BE7D2A29C15700E38C84 /* PushViewB.swift in Sources */ = {isa = PBXBuildFile; fileRef = C933BE7C2A29C15700E38C84 /* PushViewB.swift */; };
		C933BE7F2A29C16100E38C84 /* PushViewC.swift in Sources */ = {isa = PBXBuildFile; fileRef = C933BE7E2A29C16100E38C84 /* PushViewC.swift */; };
		C933BE812A29C16B00E38C84 /* PushViewD.swift in Sources */ = {isa = PBXBuildFile; fileRef = C933BE802A29C16B00E38C84 /* PushViewD.swift */; };
		C933BE832A29C17B00E38C84 /* PushViewE.swift in Sources */ = {isa = PBXBuildFile; fileRef = C933BE822A29C17B00E38C84 /* PushViewE.swift */; };
		C933BE852A29C18400E38C84 /* SheetViewA.swift in Sources */ = {isa = PBXBuildFile; fileRef = C933BE842A29C18400E38C84 /* SheetViewA.swift */; };
		C933BE872A29C18A00E38C84 /* SheetViewB.swift in Sources */ = {isa = PBXBuildFile; fileRef = C933BE862A29C18A00E38C84 /* SheetViewB.swift */; };
		C933BE892A29C19100E38C84 /* SheetViewC.swift in Sources */ = {isa = PBXBuildFile; fileRef = C933BE882A29C19100E38C84 /* SheetViewC.swift */; };
		C933BE8B2A29C1A200E38C84 /* FullScreenCoverViewA.swift in Sources */ = {isa = PBXBuildFile; fileRef = C933BE8A2A29C1A200E38C84 /* FullScreenCoverViewA.swift */; };
		C933BE8D2A29C1B200E38C84 /* FullScreenCoverViewB.swift in Sources */ = {isa = PBXBuildFile; fileRef = C933BE8C2A29C1B200E38C84 /* FullScreenCoverViewB.swift */; };
		C933BE902A29C1C900E38C84 /* Coordinator.swift in Sources */ = {isa = PBXBuildFile; fileRef = C933BE8F2A29C1C900E38C84 /* Coordinator.swift */; };
/* End PBXBuildFile section */

/* Begin PBXFileReference section */
		C933BE682A29C11B00E38C84 /* SwiftUI-Coordinator.app */ = {isa = PBXFileReference; explicitFileType = wrapper.application; includeInIndex = 0; path = "SwiftUI-Coordinator.app"; sourceTree = BUILT_PRODUCTS_DIR; };
		C933BE6B2A29C11B00E38C84 /* SwiftUI_CoordinatorApp.swift */ = {isa = PBXFileReference; lastKnownFileType = sourcecode.swift; path = SwiftUI_CoordinatorApp.swift; sourceTree = "<group>"; };
		C933BE6D2A29C11B00E38C84 /* ContentView.swift */ = {isa = PBXFileReference; lastKnownFileType = sourcecode.swift; path = ContentView.swift; sourceTree = "<group>"; };
		C933BE6F2A29C11D00E38C84 /* Assets.xcassets */ = {isa = PBXFileReference; lastKnownFileType = folder.assetcatalog; path = Assets.xcassets; sourceTree = "<group>"; };
		C933BE722A29C11D00E38C84 /* Preview Assets.xcassets */ = {isa = PBXFileReference; lastKnownFileType = folder.assetcatalog; path = "Preview Assets.xcassets"; sourceTree = "<group>"; };
		C933BE792A29C14200E38C84 /* PushViewA.swift */ = {isa = PBXFileReference; lastKnownFileType = sourcecode.swift; path = PushViewA.swift; sourceTree = "<group>"; };
		C933BE7C2A29C15700E38C84 /* PushViewB.swift */ = {isa = PBXFileReference; lastKnownFileType = sourcecode.swift; path = PushViewB.swift; sourceTree = "<group>"; };
		C933BE7E2A29C16100E38C84 /* PushViewC.swift */ = {isa = PBXFileReference; lastKnownFileType = sourcecode.swift; path = PushViewC.swift; sourceTree = "<group>"; };
		C933BE802A29C16B00E38C84 /* PushViewD.swift */ = {isa = PBXFileReference; lastKnownFileType = sourcecode.swift; path = PushViewD.swift; sourceTree = "<group>"; };
		C933BE822A29C17B00E38C84 /* PushViewE.swift */ = {isa = PBXFileReference; lastKnownFileType = sourcecode.swift; path = PushViewE.swift; sourceTree = "<group>"; };
		C933BE842A29C18400E38C84 /* SheetViewA.swift */ = {isa = PBXFileReference; lastKnownFileType = sourcecode.swift; path = SheetViewA.swift; sourceTree = "<group>"; };
		C933BE862A29C18A00E38C84 /* SheetViewB.swift */ = {isa = PBXFileReference; lastKnownFileType = sourcecode.swift; path = SheetViewB.swift; sourceTree = "<group>"; };
		C933BE882A29C19100E38C84 /* SheetViewC.swift */ = {isa = PBXFileReference; lastKnownFileType = sourcecode.swift; path = SheetViewC.swift; sourceTree = "<group>"; };
		C933BE8A2A29C1A200E38C84 /* FullScreenCoverViewA.swift */ = {isa = PBXFileReference; lastKnownFileType = sourcecode.swift; path = FullScreenCoverViewA.swift; sourceTree = "<group>"; };
		C933BE8C2A29C1B200E38C84 /* FullScreenCoverViewB.swift */ = {isa = PBXFileReference; lastKnownFileType = sourcecode.swift; path = FullScreenCoverViewB.swift; sourceTree = "<group>"; };
		C933BE8F2A29C1C900E38C84 /* Coordinator.swift */ = {isa = PBXFileReference; lastKnownFileType = sourcecode.swift; path = Coordinator.swift; sourceTree = "<group>"; };
/* End PBXFileReference section */

/* Begin PBXFrameworksBuildPhase section */
		C933BE652A29C11B00E38C84 /* Frameworks */ = {
			isa = PBXFrameworksBuildPhase;
			buildActionMask = 2147483647;
			files = (
			);
			runOnlyForDeploymentPostprocessing = 0;
		};
/* End PBXFrameworksBuildPhase section */

/* Begin PBXGroup section */
		C933BE5F2A29C11B00E38C84 = {
			isa = PBXGroup;
			children = (
				C933BE6A2A29C11B00E38C84 /* SwiftUI-Coordinator */,
				C933BE692A29C11B00E38C84 /* Products */,
			);
			sourceTree = "<group>";
		};
		C933BE692A29C11B00E38C84 /* Products */ = {
			isa = PBXGroup;
			children = (
				C933BE682A29C11B00E38C84 /* SwiftUI-Coordinator.app */,
			);
			name = Products;
			sourceTree = "<group>";
		};
		C933BE6A2A29C11B00E38C84 /* SwiftUI-Coordinator */ = {
			isa = PBXGroup;
			children = (
				C933BE8E2A29C1BD00E38C84 /* Coordinator */,
				C933BE7B2A29C14C00E38C84 /* Views */,
				C933BE6B2A29C11B00E38C84 /* SwiftUI_CoordinatorApp.swift */,
				C933BE6D2A29C11B00E38C84 /* ContentView.swift */,
				C933BE6F2A29C11D00E38C84 /* Assets.xcassets */,
				C933BE712A29C11D00E38C84 /* Preview Content */,
			);
			path = "SwiftUI-Coordinator";
			sourceTree = "<group>";
		};
		C933BE712A29C11D00E38C84 /* Preview Content */ = {
			isa = PBXGroup;
			children = (
				C933BE722A29C11D00E38C84 /* Preview Assets.xcassets */,
			);
			path = "Preview Content";
			sourceTree = "<group>";
		};
		C933BE7B2A29C14C00E38C84 /* Views */ = {
			isa = PBXGroup;
			children = (
				C933BE792A29C14200E38C84 /* PushViewA.swift */,
				C933BE7C2A29C15700E38C84 /* PushViewB.swift */,
				C933BE7E2A29C16100E38C84 /* PushViewC.swift */,
				C933BE802A29C16B00E38C84 /* PushViewD.swift */,
				C933BE822A29C17B00E38C84 /* PushViewE.swift */,
				C933BE842A29C18400E38C84 /* SheetViewA.swift */,
				C933BE862A29C18A00E38C84 /* SheetViewB.swift */,
				C933BE882A29C19100E38C84 /* SheetViewC.swift */,
				C933BE8A2A29C1A200E38C84 /* FullScreenCoverViewA.swift */,
				C933BE8C2A29C1B200E38C84 /* FullScreenCoverViewB.swift */,
			);
			path = Views;
			sourceTree = "<group>";
		};
		C933BE8E2A29C1BD00E38C84 /* Coordinator */ = {
			isa = PBXGroup;
			children = (
				C933BE8F2A29C1C900E38C84 /* Coordinator.swift */,
			);
			path = Coordinator;
			sourceTree = "<group>";
		};
/* End PBXGroup section */

/* Begin PBXNativeTarget section */
		C933BE672A29C11B00E38C84 /* SwiftUI-Coordinator */ = {
			isa = PBXNativeTarget;
			buildConfigurationList = C933BE762A29C11D00E38C84 /* Build configuration list for PBXNativeTarget "SwiftUI-Coordinator" */;
			buildPhases = (
				C933BE642A29C11B00E38C84 /* Sources */,
				C933BE652A29C11B00E38C84 /* Frameworks */,
				C933BE662A29C11B00E38C84 /* Resources */,
			);
			buildRules = (
			);
			dependencies = (
			);
			name = "SwiftUI-Coordinator";
			productName = "SwiftUI-Coordinator";
			productReference = C933BE682A29C11B00E38C84 /* SwiftUI-Coordinator.app */;
			productType = "com.apple.product-type.application";
		};
/* End PBXNativeTarget section */

/* Begin PBXProject section */
		C933BE602A29C11B00E38C84 /* Project object */ = {
			isa = PBXProject;
			attributes = {
				BuildIndependentTargetsInParallel = 1;
				LastSwiftUpdateCheck = 1430;
				LastUpgradeCheck = 1430;
				TargetAttributes = {
					C933BE672A29C11B00E38C84 = {
						CreatedOnToolsVersion = 14.3;
					};
				};
			};
			buildConfigurationList = C933BE632A29C11B00E38C84 /* Build configuration list for PBXProject "SwiftUI-Coordinator" */;
			compatibilityVersion = "Xcode 14.0";
			developmentRegion = en;
			hasScannedForEncodings = 0;
			knownRegions = (
				en,
				Base,
			);
			mainGroup = C933BE5F2A29C11B00E38C84;
			productRefGroup = C933BE692A29C11B00E38C84 /* Products */;
			projectDirPath = "";
			projectRoot = "";
			targets = (
				C933BE672A29C11B00E38C84 /* SwiftUI-Coordinator */,
			);
		};
/* End PBXProject section */

/* Begin PBXResourcesBuildPhase section */
		C933BE662A29C11B00E38C84 /* Resources */ = {
			isa = PBXResourcesBuildPhase;
			buildActionMask = 2147483647;
			files = (
				C933BE732A29C11D00E38C84 /* Preview Assets.xcassets in Resources */,
				C933BE702A29C11D00E38C84 /* Assets.xcassets in Resources */,
			);
			runOnlyForDeploymentPostprocessing = 0;
		};
/* End PBXResourcesBuildPhase section */

/* Begin PBXSourcesBuildPhase section */
		C933BE642A29C11B00E38C84 /* Sources */ = {
			isa = PBXSourcesBuildPhase;
			buildActionMask = 2147483647;
			files = (
				C933BE8D2A29C1B200E38C84 /* FullScreenCoverViewB.swift in Sources */,
				C933BE852A29C18400E38C84 /* SheetViewA.swift in Sources */,
				C933BE902A29C1C900E38C84 /* Coordinator.swift in Sources */,
				C933BE8B2A29C1A200E38C84 /* FullScreenCoverViewA.swift in Sources */,
				C933BE832A29C17B00E38C84 /* PushViewE.swift in Sources */,
				C933BE892A29C19100E38C84 /* SheetViewC.swift in Sources */,
				C933BE7A2A29C14200E38C84 /* PushViewA.swift in Sources */,
				C933BE812A29C16B00E38C84 /* PushViewD.swift in Sources */,
				C933BE6E2A29C11B00E38C84 /* ContentView.swift in Sources */,
				C933BE6C2A29C11B00E38C84 /* SwiftUI_CoordinatorApp.swift in Sources */,
				C933BE872A29C18A00E38C84 /* SheetViewB.swift in Sources */,
				C933BE7D2A29C15700E38C84 /* PushViewB.swift in Sources */,
				C933BE7F2A29C16100E38C84 /* PushViewC.swift in Sources */,
			);
			runOnlyForDeploymentPostprocessing = 0;
		};
/* End PBXSourcesBuildPhase section */

/* Begin XCBuildConfiguration section */
		C933BE742A29C11D00E38C84 /* Debug */ = {
			isa = XCBuildConfiguration;
			buildSettings = {
				ALWAYS_SEARCH_USER_PATHS = NO;
				CLANG_ANALYZER_NONNULL = YES;
				CLANG_ANALYZER_NUMBER_OBJECT_CONVERSION = YES_AGGRESSIVE;
				CLANG_CXX_LANGUAGE_STANDARD = "gnu++20";
				CLANG_ENABLE_MODULES = YES;
				CLANG_ENABLE_OBJC_ARC = YES;
				CLANG_ENABLE_OBJC_WEAK = YES;
				CLANG_WARN_BLOCK_CAPTURE_AUTORELEASING = YES;
				CLANG_WARN_BOOL_CONVERSION = YES;
				CLANG_WARN_COMMA = YES;
				CLANG_WARN_CONSTANT_CONVERSION = YES;
				CLANG_WARN_DEPRECATED_OBJC_IMPLEMENTATIONS = YES;
				CLANG_WARN_DIRECT_OBJC_ISA_USAGE = YES_ERROR;
				CLANG_WARN_DOCUMENTATION_COMMENTS = YES;
				CLANG_WARN_EMPTY_BODY = YES;
				CLANG_WARN_ENUM_CONVERSION = YES;
				CLANG_WARN_INFINITE_RECURSION = YES;
				CLANG_WARN_INT_CONVERSION = YES;
				CLANG_WARN_NON_LITERAL_NULL_CONVERSION = YES;
				CLANG_WARN_OBJC_IMPLICIT_RETAIN_SELF = YES;
				CLANG_WARN_OBJC_LITERAL_CONVERSION = YES;
				CLANG_WARN_OBJC_ROOT_CLASS = YES_ERROR;
				CLANG_WARN_QUOTED_INCLUDE_IN_FRAMEWORK_HEADER = YES;
				CLANG_WARN_RANGE_LOOP_ANALYSIS = YES;
				CLANG_WARN_STRICT_PROTOTYPES = YES;
				CLANG_WARN_SUSPICIOUS_MOVE = YES;
				CLANG_WARN_UNGUARDED_AVAILABILITY = YES_AGGRESSIVE;
				CLANG_WARN_UNREACHABLE_CODE = YES;
				CLANG_WARN__DUPLICATE_METHOD_MATCH = YES;
				COPY_PHASE_STRIP = NO;
				DEBUG_INFORMATION_FORMAT = dwarf;
				ENABLE_STRICT_OBJC_MSGSEND = YES;
				ENABLE_TESTABILITY = YES;
				GCC_C_LANGUAGE_STANDARD = gnu11;
				GCC_DYNAMIC_NO_PIC = NO;
				GCC_NO_COMMON_BLOCKS = YES;
				GCC_OPTIMIZATION_LEVEL = 0;
				GCC_PREPROCESSOR_DEFINITIONS = (
					"DEBUG=1",
					"$(inherited)",
				);
				GCC_WARN_64_TO_32_BIT_CONVERSION = YES;
				GCC_WARN_ABOUT_RETURN_TYPE = YES_ERROR;
				GCC_WARN_UNDECLARED_SELECTOR = YES;
				GCC_WARN_UNINITIALIZED_AUTOS = YES_AGGRESSIVE;
				GCC_WARN_UNUSED_FUNCTION = YES;
				GCC_WARN_UNUSED_VARIABLE = YES;
				IPHONEOS_DEPLOYMENT_TARGET = 16.4;
				MTL_ENABLE_DEBUG_INFO = INCLUDE_SOURCE;
				MTL_FAST_MATH = YES;
				ONLY_ACTIVE_ARCH = YES;
				SDKROOT = iphoneos;
				SWIFT_ACTIVE_COMPILATION_CONDITIONS = DEBUG;
				SWIFT_OPTIMIZATION_LEVEL = "-Onone";
			};
			name = Debug;
		};
		C933BE752A29C11D00E38C84 /* Release */ = {
			isa = XCBuildConfiguration;
			buildSettings = {
				ALWAYS_SEARCH_USER_PATHS = NO;
				CLANG_ANALYZER_NONNULL = YES;
				CLANG_ANALYZER_NUMBER_OBJECT_CONVERSION = YES_AGGRESSIVE;
				CLANG_CXX_LANGUAGE_STANDARD = "gnu++20";
				CLANG_ENABLE_MODULES = YES;
				CLANG_ENABLE_OBJC_ARC = YES;
				CLANG_ENABLE_OBJC_WEAK = YES;
				CLANG_WARN_BLOCK_CAPTURE_AUTORELEASING = YES;
				CLANG_WARN_BOOL_CONVERSION = YES;
				CLANG_WARN_COMMA = YES;
				CLANG_WARN_CONSTANT_CONVERSION = YES;
				CLANG_WARN_DEPRECATED_OBJC_IMPLEMENTATIONS = YES;
				CLANG_WARN_DIRECT_OBJC_ISA_USAGE = YES_ERROR;
				CLANG_WARN_DOCUMENTATION_COMMENTS = YES;
				CLANG_WARN_EMPTY_BODY = YES;
				CLANG_WARN_ENUM_CONVERSION = YES;
				CLANG_WARN_INFINITE_RECURSION = YES;
				CLANG_WARN_INT_CONVERSION = YES;
				CLANG_WARN_NON_LITERAL_NULL_CONVERSION = YES;
				CLANG_WARN_OBJC_IMPLICIT_RETAIN_SELF = YES;
				CLANG_WARN_OBJC_LITERAL_CONVERSION = YES;
				CLANG_WARN_OBJC_ROOT_CLASS = YES_ERROR;
				CLANG_WARN_QUOTED_INCLUDE_IN_FRAMEWORK_HEADER = YES;
				CLANG_WARN_RANGE_LOOP_ANALYSIS = YES;
				CLANG_WARN_STRICT_PROTOTYPES = YES;
				CLANG_WARN_SUSPICIOUS_MOVE = YES;
				CLANG_WARN_UNGUARDED_AVAILABILITY = YES_AGGRESSIVE;
				CLANG_WARN_UNREACHABLE_CODE = YES;
				CLANG_WARN__DUPLICATE_METHOD_MATCH = YES;
				COPY_PHASE_STRIP = NO;
				DEBUG_INFORMATION_FORMAT = "dwarf-with-dsym";
				ENABLE_NS_ASSERTIONS = NO;
				ENABLE_STRICT_OBJC_MSGSEND = YES;
				GCC_C_LANGUAGE_STANDARD = gnu11;
				GCC_NO_COMMON_BLOCKS = YES;
				GCC_WARN_64_TO_32_BIT_CONVERSION = YES;
				GCC_WARN_ABOUT_RETURN_TYPE = YES_ERROR;
				GCC_WARN_UNDECLARED_SELECTOR = YES;
				GCC_WARN_UNINITIALIZED_AUTOS = YES_AGGRESSIVE;
				GCC_WARN_UNUSED_FUNCTION = YES;
				GCC_WARN_UNUSED_VARIABLE = YES;
				IPHONEOS_DEPLOYMENT_TARGET = 16.4;
				MTL_ENABLE_DEBUG_INFO = NO;
				MTL_FAST_MATH = YES;
				SDKROOT = iphoneos;
				SWIFT_COMPILATION_MODE = wholemodule;
				SWIFT_OPTIMIZATION_LEVEL = "-O";
				VALIDATE_PRODUCT = YES;
			};
			name = Release;
		};
		C933BE772A29C11D00E38C84 /* Debug */ = {
			isa = XCBuildConfiguration;
			buildSettings = {
				ASSETCATALOG_COMPILER_APPICON_NAME = AppIcon;
				ASSETCATALOG_COMPILER_GLOBAL_ACCENT_COLOR_NAME = AccentColor;
				CODE_SIGN_STYLE = Automatic;
				CURRENT_PROJECT_VERSION = 1;
				DEVELOPMENT_ASSET_PATHS = "\"SwiftUI-Coordinator/Preview Content\"";
				DEVELOPMENT_TEAM = 9RTVH8V827;
				ENABLE_PREVIEWS = YES;
				GENERATE_INFOPLIST_FILE = YES;
				INFOPLIST_KEY_UIApplicationSceneManifest_Generation = YES;
				INFOPLIST_KEY_UIApplicationSupportsIndirectInputEvents = YES;
				INFOPLIST_KEY_UILaunchScreen_Generation = YES;
				INFOPLIST_KEY_UISupportedInterfaceOrientations_iPad = "UIInterfaceOrientationPortrait UIInterfaceOrientationPortraitUpsideDown UIInterfaceOrientationLandscapeLeft UIInterfaceOrientationLandscapeRight";
				INFOPLIST_KEY_UISupportedInterfaceOrientations_iPhone = "UIInterfaceOrientationPortrait UIInterfaceOrientationLandscapeLeft UIInterfaceOrientationLandscapeRight";
				LD_RUNPATH_SEARCH_PATHS = (
					"$(inherited)",
					"@executable_path/Frameworks",
				);
				MARKETING_VERSION = 1.0;
				PRODUCT_BUNDLE_IDENTIFIER = "mattc.SwiftUI-Coordinator";
				PRODUCT_NAME = "$(TARGET_NAME)";
				SWIFT_EMIT_LOC_STRINGS = YES;
				SWIFT_VERSION = 5.0;
				TARGETED_DEVICE_FAMILY = "1,2";
			};
			name = Debug;
		};
		C933BE782A29C11D00E38C84 /* Release */ = {
			isa = XCBuildConfiguration;
			buildSettings = {
				ASSETCATALOG_COMPILER_APPICON_NAME = AppIcon;
				ASSETCATALOG_COMPILER_GLOBAL_ACCENT_COLOR_NAME = AccentColor;
				CODE_SIGN_STYLE = Automatic;
				CURRENT_PROJECT_VERSION = 1;
				DEVELOPMENT_ASSET_PATHS = "\"SwiftUI-Coordinator/Preview Content\"";
				DEVELOPMENT_TEAM = 9RTVH8V827;
				ENABLE_PREVIEWS = YES;
				GENERATE_INFOPLIST_FILE = YES;
				INFOPLIST_KEY_UIApplicationSceneManifest_Generation = YES;
				INFOPLIST_KEY_UIApplicationSupportsIndirectInputEvents = YES;
				INFOPLIST_KEY_UILaunchScreen_Generation = YES;
				INFOPLIST_KEY_UISupportedInterfaceOrientations_iPad = "UIInterfaceOrientationPortrait UIInterfaceOrientationPortraitUpsideDown UIInterfaceOrientationLandscapeLeft UIInterfaceOrientationLandscapeRight";
				INFOPLIST_KEY_UISupportedInterfaceOrientations_iPhone = "UIInterfaceOrientationPortrait UIInterfaceOrientationLandscapeLeft UIInterfaceOrientationLandscapeRight";
				LD_RUNPATH_SEARCH_PATHS = (
					"$(inherited)",
					"@executable_path/Frameworks",
				);
				MARKETING_VERSION = 1.0;
				PRODUCT_BUNDLE_IDENTIFIER = "mattc.SwiftUI-Coordinator";
				PRODUCT_NAME = "$(TARGET_NAME)";
				SWIFT_EMIT_LOC_STRINGS = YES;
				SWIFT_VERSION = 5.0;
				TARGETED_DEVICE_FAMILY = "1,2";
			};
			name = Release;
		};
/* End XCBuildConfiguration section */

/* Begin XCConfigurationList section */
		C933BE632A29C11B00E38C84 /* Build configuration list for PBXProject "SwiftUI-Coordinator" */ = {
			isa = XCConfigurationList;
			buildConfigurations = (
				C933BE742A29C11D00E38C84 /* Debug */,
				C933BE752A29C11D00E38C84 /* Release */,
			);
			defaultConfigurationIsVisible = 0;
			defaultConfigurationName = Release;
		};
		C933BE762A29C11D00E38C84 /* Build configuration list for PBXNativeTarget "SwiftUI-Coordinator" */ = {
			isa = XCConfigurationList;
			buildConfigurations = (
				C933BE772A29C11D00E38C84 /* Debug */,
				C933BE782A29C11D00E38C84 /* Release */,
			);
			defaultConfigurationIsVisible = 0;
			defaultConfigurationName = Release;
		};
/* End XCConfigurationList section */
	};
	rootObject = C933BE602A29C11B00E38C84 /* Project object */;
}
